
Microsoft Visual Studio Solution File, Format Version 12.00
# Visual Studio 14
VisualStudioVersion = 14.0.25123.0
MinimumVisualStudioVersion = 10.0.40219.1
Project("{FAE04EC0-301F-11D3-BF4B-00C04F79EFBC}") = "SymbolicinkCreator", "SymbolicinkCreator\SymbolicinkCreator.csproj", "{AC62A4F3-7FA3-4BB7-9E44-7F992B575B99}"
EndProject
Global
	GlobalSection(SolutionConfigurationPlatforms) = preSolution
		Debug|Any CPU = Debug|Any CPU
		Release|Any CPU = Release|Any CPU
	EndGlobalSection
	GlobalSection(ProjectConfigurationPlatforms) = postSolution
		{AC62A4F3-7FA3-4BB7-9E44-7F992B575B99}.Debug|Any CPU.ActiveCfg = Debug|Any CPU
		{AC62A4F3-7FA3-4BB7-9E44-7F992B575B99}.Debug|Any CPU.Build.0 = Debug|Any CPU
		{AC62A4F3-7FA3-4BB7-9E44-7F992B575B99}.Release|Any CPU.ActiveCfg = Release|Any CPU
		{AC62A4F3-7FA3-4BB7-9E44-7F992B575B99}.Release|Any CPU.Build.0 = Release|Any CPU
	EndGlobalSection
	GlobalSection(SolutionProperties) = preSolution
		HideSolutionNode = FALSE
	EndGlobalSection
EndGlobal
